// !$*UTF8*$!
{
	archiveVersion = 1;
	classes = {
	};
	objectVersion = 50;
	objects = {

/* Begin PBXBuildFile section */
		EB42671C257D3BE8008B17A1 /* AppDelegate.swift in Sources */ = {isa = PBXBuildFile; fileRef = EB42671B257D3BE8008B17A1 /* AppDelegate.swift */; };
		EB42671E257D3BE8008B17A1 /* SceneDelegate.swift in Sources */ = {isa = PBXBuildFile; fileRef = EB42671D257D3BE8008B17A1 /* SceneDelegate.swift */; };
		EB426720257D3BE8008B17A1 /* ViewController.swift in Sources */ = {isa = PBXBuildFile; fileRef = EB42671F257D3BE8008B17A1 /* ViewController.swift */; };
		EB426723257D3BE8008B17A1 /* Main.storyboard in Resources */ = {isa = PBXBuildFile; fileRef = EB426721257D3BE8008B17A1 /* Main.storyboard */; };
		EB426725257D3BE8008B17A1 /* Assets.xcassets in Resources */ = {isa = PBXBuildFile; fileRef = EB426724257D3BE8008B17A1 /* Assets.xcassets */; };
		EB426728257D3BE8008B17A1 /* LaunchScreen.storyboard in Resources */ = {isa = PBXBuildFile; fileRef = EB426726257D3BE8008B17A1 /* LaunchScreen.storyboard */; };
		EB426733257FEF81008B17A1 /* ImageCell.swift in Sources */ = {isa = PBXBuildFile; fileRef = EB426732257FEF81008B17A1 /* ImageCell.swift */; };
/* End PBXBuildFile section */

/* Begin PBXFileReference section */
		EB426718257D3BE8008B17A1 /* ParallaxScrolling.app */ = {isa = PBXFileReference; explicitFileType = wrapper.application; includeInIndex = 0; path = ParallaxScrolling.app; sourceTree = BUILT_PRODUCTS_DIR; };
		EB42671B257D3BE8008B17A1 /* AppDelegate.swift */ = {isa = PBXFileReference; lastKnownFileType = sourcecode.swift; path = AppDelegate.swift; sourceTree = "<group>"; };
		EB42671D257D3BE8008B17A1 /* SceneDelegate.swift */ = {isa = PBXFileReference; lastKnownFileType = sourcecode.swift; path = SceneDelegate.swift; sourceTree = "<group>"; };
		EB42671F257D3BE8008B17A1 /* ViewController.swift */ = {isa = PBXFileReference; lastKnownFileType = sourcecode.swift; path = ViewController.swift; sourceTree = "<group>"; };
		EB426722257D3BE8008B17A1 /* Base */ = {isa = PBXFileReference; lastKnownFileType = file.storyboard; name = Base; path = Base.lproj/Main.storyboard; sourceTree = "<group>"; };
		EB426724257D3BE8008B17A1 /* Assets.xcassets */ = {isa = PBXFileReference; lastKnownFileType = folder.assetcatalog; path = Assets.xcassets; sourceTree = "<group>"; };
		EB426727257D3BE8008B17A1 /* Base */ = {isa = PBXFileReference; lastKnownFileType = file.storyboard; name = Base; path = Base.lproj/LaunchScreen.storyboard; sourceTree = "<group>"; };
		EB426729257D3BE8008B17A1 /* Info.plist */ = {isa = PBXFileReference; lastKnownFileType = text.plist.xml; path = Info.plist; sourceTree = "<group>"; };
		EB426732257FEF81008B17A1 /* ImageCell.swift */ = {isa = PBXFileReference; lastKnownFileType = sourcecode.swift; path = ImageCell.swift; sourceTree = "<group>"; };
/* End PBXFileReference section */

/* Begin PBXFrameworksBuildPhase section */
		EB426715257D3BE8008B17A1 /* Frameworks */ = {
			isa = PBXFrameworksBuildPhase;
			buildActionMask = 2147483647;
			files = (
			);
			runOnlyForDeploymentPostprocessing = 0;
		};
/* End PBXFrameworksBuildPhase section */

/* Begin PBXGroup section */
		EB42670F257D3BE8008B17A1 = {
			isa = PBXGroup;
			children = (
				EB42671A257D3BE8008B17A1 /* ParallaxScrolling */,
				EB426719257D3BE8008B17A1 /* Products */,
			);
			sourceTree = "<group>";
		};
		EB426719257D3BE8008B17A1 /* Products */ = {
			isa = PBXGroup;
			children = (
				EB426718257D3BE8008B17A1 /* ParallaxScrolling.app */,
			);
			name = Products;
			sourceTree = "<group>";
		};
		EB42671A257D3BE8008B17A1 /* ParallaxScrolling */ = {
			isa = PBXGroup;
			children = (
				EB42671B257D3BE8008B17A1 /* AppDelegate.swift */,
				EB42671D257D3BE8008B17A1 /* SceneDelegate.swift */,
				EB42671F257D3BE8008B17A1 /* ViewController.swift */,
				EB426721257D3BE8008B17A1 /* Main.storyboard */,
				EB426724257D3BE8008B17A1 /* Assets.xcassets */,
				EB426726257D3BE8008B17A1 /* LaunchScreen.storyboard */,
				EB426729257D3BE8008B17A1 /* Info.plist */,
				EB426732257FEF81008B17A1 /* ImageCell.swift */,
			);
			path = ParallaxScrolling;
			sourceTree = "<group>";
		};
/* End PBXGroup section */

/* Begin PBXNativeTarget section */
		EB426717257D3BE8008B17A1 /* ParallaxScrolling */ = {
			isa = PBXNativeTarget;
			buildConfigurationList = EB42672C257D3BE8008B17A1 /* Build configuration list for PBXNativeTarget "ParallaxScrolling" */;
			buildPhases = (
				EB426714257D3BE8008B17A1 /* Sources */,
				EB426715257D3BE8008B17A1 /* Frameworks */,
				EB426716257D3BE8008B17A1 /* Resources */,
			);
			buildRules = (
			);
			dependencies = (
			);
			name = ParallaxScrolling;
			productName = ParallaxScrolling;
			productReference = EB426718257D3BE8008B17A1 /* ParallaxScrolling.app */;
			productType = "com.apple.product-type.application";
		};
/* End PBXNativeTarget section */

/* Begin PBXProject section */
		EB426710257D3BE8008B17A1 /* Project object */ = {
			isa = PBXProject;
			attributes = {
				LastSwiftUpdateCheck = 1220;
				LastUpgradeCheck = 1220;
				TargetAttributes = {
					EB426717257D3BE8008B17A1 = {
						CreatedOnToolsVersion = 12.2;
					};
				};
			};
			buildConfigurationList = EB426713257D3BE8008B17A1 /* Build configuration list for PBXProject "ParallaxScrolling" */;
			compatibilityVersion = "Xcode 9.3";
			developmentRegion = en;
			hasScannedForEncodings = 0;
			knownRegions = (
				en,
				Base,
			);
			mainGroup = EB42670F257D3BE8008B17A1;
			productRefGroup = EB426719257D3BE8008B17A1 /* Products */;
			projectDirPath = "";
			projectRoot = "";
			targets = (
				EB426717257D3BE8008B17A1 /* ParallaxScrolling */,
			);
		};
/* End PBXProject section */

/* Begin PBXResourcesBuildPhase section */
		EB426716257D3BE8008B17A1 /* Resources */ = {
			isa = PBXResourcesBuildPhase;
			buildActionMask = 2147483647;
			files = (
				EB426728257D3BE8008B17A1 /* LaunchScreen.storyboard in Resources */,
				EB426725257D3BE8008B17A1 /* Assets.xcassets in Resources */,
				EB426723257D3BE8008B17A1 /* Main.storyboard in Resources */,
			);
			runOnlyForDeploymentPostprocessing = 0;
		};
/* End PBXResourcesBuildPhase section */

/* Begin PBXSourcesBuildPhase section */
		EB426714257D3BE8008B17A1 /* Sources */ = {
			isa = PBXSourcesBuildPhase;
			buildActionMask = 2147483647;
			files = (
				EB426720257D3BE8008B17A1 /* ViewController.swift in Sources */,
				EB426733257FEF81008B17A1 /* ImageCell.swift in Sources */,
				EB42671C257D3BE8008B17A1 /* AppDelegate.swift in Sources */,
				EB42671E257D3BE8008B17A1 /* SceneDelegate.swift in Sources */,
			);
			runOnlyForDeploymentPostprocessing = 0;
		};
/* End PBXSourcesBuildPhase section */

/* Begin PBXVariantGroup section */
		EB426721257D3BE8008B17A1 /* Main.storyboard */ = {
			isa = PBXVariantGroup;
			children = (
				EB426722257D3BE8008B17A1 /* Base */,
			);
			name = Main.storyboard;
			sourceTree = "<group>";
		};
		EB426726257D3BE8008B17A1 /* LaunchScreen.storyboard */ = {
			isa = PBXVariantGroup;
			children = (
				EB426727257D3BE8008B17A1 /* Base */,
			);
			name = LaunchScreen.storyboard;
			sourceTree = "<group>";
		};
/* End PBXVariantGroup section */

/* Begin XCBuildConfiguration section */
		EB42672A257D3BE8008B17A1 /* Debug */ = {
			isa = XCBuildConfiguration;
			buildSettings = {
				ALWAYS_SEARCH_USER_PATHS = NO;
				CLANG_ANALYZER_NONNULL = YES;
				CLANG_ANALYZER_NUMBER_OBJECT_CONVERSION = YES_AGGRESSIVE;
				CLANG_CXX_LANGUAGE_STANDARD = "gnu++14";
				CLANG_CXX_LIBRARY = "libc++";
				CLANG_ENABLE_MODULES = YES;
				CLANG_ENABLE_OBJC_ARC = YES;
				CLANG_ENABLE_OBJC_WEAK = YES;
				CLANG_WARN_BLOCK_CAPTURE_AUTORELEASING = YES;
				CLANG_WARN_BOOL_CONVERSION = YES;
				CLANG_WARN_COMMA = YES;
				CLANG_WARN_CONSTANT_CONVERSION = YES;
				CLANG_WARN_DEPRECATED_OBJC_IMPLEMENTATIONS = YES;
				CLANG_WARN_DIRECT_OBJC_ISA_USAGE = YES_ERROR;
				CLANG_WARN_DOCUMENTATION_COMMENTS = YES;
				CLANG_WARN_EMPTY_BODY = YES;
				CLANG_WARN_ENUM_CONVERSION = YES;
				CLANG_WARN_INFINITE_RECURSION = YES;
				CLANG_WARN_INT_CONVERSION = YES;
				CLANG_WARN_NON_LITERAL_NULL_CONVERSION = YES;
				CLANG_WARN_OBJC_IMPLICIT_RETAIN_SELF = YES;
				CLANG_WARN_OBJC_LITERAL_CONVERSION = YES;
				CLANG_WARN_OBJC_ROOT_CLASS = YES_ERROR;
				CLANG_WARN_QUOTED_INCLUDE_IN_FRAMEWORK_HEADER = YES;
				CLANG_WARN_RANGE_LOOP_ANALYSIS = YES;
				CLANG_WARN_STRICT_PROTOTYPES = YES;
				CLANG_WARN_SUSPICIOUS_MOVE = YES;
				CLANG_WARN_UNGUARDED_AVAILABILITY = YES_AGGRESSIVE;
				CLANG_WARN_UNREACHABLE_CODE = YES;
				CLANG_WARN__DUPLICATE_METHOD_MATCH = YES;
				COPY_PHASE_STRIP = NO;
				DEBUG_INFORMATION_FORMAT = dwarf;
				ENABLE_STRICT_OBJC_MSGSEND = YES;
				ENABLE_TESTABILITY = YES;
				GCC_C_LANGUAGE_STANDARD = gnu11;
				GCC_DYNAMIC_NO_PIC = NO;
				GCC_NO_COMMON_BLOCKS = YES;
				GCC_OPTIMIZATION_LEVEL = 0;
				GCC_PREPROCESSOR_DEFINITIONS = (
					"DEBUG=1",
					"$(inherited)",
				);
				GCC_WARN_64_TO_32_BIT_CONVERSION = YES;
				GCC_WARN_ABOUT_RETURN_TYPE = YES_ERROR;
				GCC_WARN_UNDECLARED_SELECTOR = YES;
				GCC_WARN_UNINITIALIZED_AUTOS = YES_AGGRESSIVE;
				GCC_WARN_UNUSED_FUNCTION = YES;
				GCC_WARN_UNUSED_VARIABLE = YES;
				IPHONEOS_DEPLOYMENT_TARGET = 14.2;
				MTL_ENABLE_DEBUG_INFO = INCLUDE_SOURCE;
				MTL_FAST_MATH = YES;
				ONLY_ACTIVE_ARCH = YES;
				SDKROOT = iphoneos;
				SWIFT_ACTIVE_COMPILATION_CONDITIONS = DEBUG;
				SWIFT_OPTIMIZATION_LEVEL = "-Onone";
			};
			name = Debug;
		};
		EB42672B257D3BE8008B17A1 /* Release */ = {
			isa = XCBuildConfiguration;
			buildSettings = {
				ALWAYS_SEARCH_USER_PATHS = NO;
				CLANG_ANALYZER_NONNULL = YES;
				CLANG_ANALYZER_NUMBER_OBJECT_CONVERSION = YES_AGGRESSIVE;
				CLANG_CXX_LANGUAGE_STANDARD = "gnu++14";
				CLANG_CXX_LIBRARY = "libc++";
				CLANG_ENABLE_MODULES = YES;
				CLANG_ENABLE_OBJC_ARC = YES;
				CLANG_ENABLE_OBJC_WEAK = YES;
				CLANG_WARN_BLOCK_CAPTURE_AUTORELEASING = YES;
				CLANG_WARN_BOOL_CONVERSION = YES;
				CLANG_WARN_COMMA = YES;
				CLANG_WARN_CONSTANT_CONVERSION = YES;
				CLANG_WARN_DEPRECATED_OBJC_IMPLEMENTATIONS = YES;
				CLANG_WARN_DIRECT_OBJC_ISA_USAGE = YES_ERROR;
				CLANG_WARN_DOCUMENTATION_COMMENTS = YES;
				CLANG_WARN_EMPTY_BODY = YES;
				CLANG_WARN_ENUM_CONVERSION = YES;
				CLANG_WARN_INFINITE_RECURSION = YES;
				CLANG_WARN_INT_CONVERSION = YES;
				CLANG_WARN_NON_LITERAL_NULL_CONVERSION = YES;
				CLANG_WARN_OBJC_IMPLICIT_RETAIN_SELF = YES;
				CLANG_WARN_OBJC_LITERAL_CONVERSION = YES;
				CLANG_WARN_OBJC_ROOT_CLASS = YES_ERROR;
				CLANG_WARN_QUOTED_INCLUDE_IN_FRAMEWORK_HEADER = YES;
				CLANG_WARN_RANGE_LOOP_ANALYSIS = YES;
				CLANG_WARN_STRICT_PROTOTYPES = YES;
				CLANG_WARN_SUSPICIOUS_MOVE = YES;
				CLANG_WARN_UNGUARDED_AVAILABILITY = YES_AGGRESSIVE;
				CLANG_WARN_UNREACHABLE_CODE = YES;
				CLANG_WARN__DUPLICATE_METHOD_MATCH = YES;
				COPY_PHASE_STRIP = NO;
				DEBUG_INFORMATION_FORMAT = "dwarf-with-dsym";
				ENABLE_NS_ASSERTIONS = NO;
				ENABLE_STRICT_OBJC_MSGSEND = YES;
				GCC_C_LANGUAGE_STANDARD = gnu11;
				GCC_NO_COMMON_BLOCKS = YES;
				GCC_WARN_64_TO_32_BIT_CONVERSION = YES;
				GCC_WARN_ABOUT_RETURN_TYPE = YES_ERROR;
				GCC_WARN_UNDECLARED_SELECTOR = YES;
				GCC_WARN_UNINITIALIZED_AUTOS = YES_AGGRESSIVE;
				GCC_WARN_UNUSED_FUNCTION = YES;
				GCC_WARN_UNUSED_VARIABLE = YES;
				IPHONEOS_DEPLOYMENT_TARGET = 14.2;
				MTL_ENABLE_DEBUG_INFO = NO;
				MTL_FAST_MATH = YES;
				SDKROOT = iphoneos;
				SWIFT_COMPILATION_MODE = wholemodule;
				SWIFT_OPTIMIZATION_LEVEL = "-O";
				VALIDATE_PRODUCT = YES;
			};
			name = Release;
		};
		EB42672D257D3BE8008B17A1 /* Debug */ = {
			isa = XCBuildConfiguration;
			buildSettings = {
				ASSETCATALOG_COMPILER_APPICON_NAME = AppIcon;
				ASSETCATALOG_COMPILER_GLOBAL_ACCENT_COLOR_NAME = AccentColor;
				CODE_SIGN_STYLE = Automatic;
				DEVELOPMENT_TEAM = HA7UKJFQWZ;
				INFOPLIST_FILE = ParallaxScrolling/Info.plist;
				LD_RUNPATH_SEARCH_PATHS = (
					"$(inherited)",
					"@executable_path/Frameworks",
				);
				PRODUCT_BUNDLE_IDENTIFIER = com.ballustra.tests.ParallaxScrolling;
				PRODUCT_NAME = "$(TARGET_NAME)";
				SWIFT_VERSION = 5.0;
				TARGETED_DEVICE_FAMILY = 1;
			};
			name = Debug;
		};
		EB42672E257D3BE8008B17A1 /* Release */ = {
			isa = XCBuildConfiguration;
			buildSettings = {
				ASSETCATALOG_COMPILER_APPICON_NAME = AppIcon;
				ASSETCATALOG_COMPILER_GLOBAL_ACCENT_COLOR_NAME = AccentColor;
				CODE_SIGN_STYLE = Automatic;
				DEVELOPMENT_TEAM = HA7UKJFQWZ;
				INFOPLIST_FILE = ParallaxScrolling/Info.plist;
				LD_RUNPATH_SEARCH_PATHS = (
					"$(inherited)",
					"@executable_path/Frameworks",
				);
				PRODUCT_BUNDLE_IDENTIFIER = com.ballustra.tests.ParallaxScrolling;
				PRODUCT_NAME = "$(TARGET_NAME)";
				SWIFT_VERSION = 5.0;
				TARGETED_DEVICE_FAMILY = 1;
			};
			name = Release;
		};
/* End XCBuildConfiguration section */

/* Begin XCConfigurationList section */
		EB426713257D3BE8008B17A1 /* Build configuration list for PBXProject "ParallaxScrolling" */ = {
			isa = XCConfigurationList;
			buildConfigurations = (
				EB42672A257D3BE8008B17A1 /* Debug */,
				EB42672B257D3BE8008B17A1 /* Release */,
			);
			defaultConfigurationIsVisible = 0;
			defaultConfigurationName = Release;
		};
		EB42672C257D3BE8008B17A1 /* Build configuration list for PBXNativeTarget "ParallaxScrolling" */ = {
			isa = XCConfigurationList;
			buildConfigurations = (
				EB42672D257D3BE8008B17A1 /* Debug */,
				EB42672E257D3BE8008B17A1 /* Release */,
			);
			defaultConfigurationIsVisible = 0;
			defaultConfigurationName = Release;
		};
/* End XCConfigurationList section */
	};
	rootObject = EB426710257D3BE8008B17A1 /* Project object */;
}
